hash: 7aa9eae92c2e16726bd2d43db8d8a6f05f8b711993547f3768e6233cb5331330
updated: 2017-04-10T11:47:38.942535905-04:00
imports:
- name: github.com/alecthomas/template
  version: a0175ee3bccc567396460bf5acd36800cb10c49c
  subpackages:
  - parse
- name: github.com/alecthomas/units
  version: 2efee857e7cfd4f3d0138cc3cbb1b4966962b93a
- name: github.com/Azure/go-ansiterm
  version: fa152c58bc15761d0200cb75fe958b89a9d4888e
  subpackages:
  - winterm
- name: github.com/cenk/backoff
  version: 5d150e7eec023ce7a124856b37c68e54b4050ac7
- name: github.com/docker/docker
  version: 8fabe07982e04dd17e2e3cdcd0456bb782576d5e
  subpackages:
  - api/types/swarm
  - opts
  - pkg/archive
  - pkg/fileutils
  - pkg/homedir
  - pkg/jsonmessage
  - pkg/stdcopy
  - api/types/container
  - api/types/mount
  - api/types
  - api/types/blkiodev
  - api/types/filters
  - pkg/idtools
  - pkg/ioutils
  - pkg/pools
  - pkg/promise
  - pkg/system
  - pkg/longpath
  - pkg/jsonlog
  - pkg/term
  - api/types/strslice
  - api/types/network
  - api/types/registry
  - api/types/versions
  - pkg/term/windows
- name: github.com/docker/go-connections
  version: e15c02316c12de00874640cd76311849de2aeed5
  subpackages:
  - nat
- name: github.com/docker/go-units
  version: 0dadbb0345b35ec7ef35e228dabb8de89a65bf52
- name: github.com/fsouza/go-dockerclient
  version: e24e809e9db395f1e3c85af1b88f2002023610f5
- name: github.com/go-ldap/ldap
  version: 0e7db8eb77695b5a952f0e5d78df9ab160050c73
  subpackages:
  - github.com\go-ldap\ldap
- name: github.com/golang/glog
  version: 44145f04b68cf362d9c4df2182967c2275eaefed
  subpackages:
  - github.com\golang\glog
- name: github.com/hashicorp/go-cleanhttp
  version: 3573b8b52aa7b37b9358d966a898feb387f62437
- name: github.com/Microsoft/go-winio
  version: fff283ad5116362ca252298cfc9b95828956d85d
- name: github.com/Nvveen/Gotty
  version: cd527374f1e5bff4938207604a14f2e38a9cf512
- name: github.com/opencontainers/runc
  version: 50401b5b4c2e01e4f1372b73a021742deeaf4e2d
  subpackages:
  - libcontainer/system
  - libcontainer/user
- name: github.com/pkg/errors
  version: ff09b135c25aae272398c51a07235b90a75aa4f0
- name: github.com/Sirupsen/logrus
  version: 10f801ebc38b33738c9d17d50860f484a0988ff5
- name: github.com/spf13/pflag
  version: cb88ea77998c3f024757528e3305022ab50b43be
  subpackages:
  - github.com\spf13\pflag
- name: github.com/square/go-jose
  version: d2a847139a1442cada879cc05cc4080485b8d193
  subpackages:
  - cipher
  - json
  - github.com\square\go-jose
- name: golang.org/x/net
  version: d1e1b351919c6738fdeb9893d5c998b161464f0c
  subpackages:
  - context
  - context/ctxhttp
- name: golang.org/x/sys
  version: f3918c30c5c2cb527c0b071a27c35120a6c0719a
  subpackages:
  - windows
  - unix
- name: gopkg.in/alecthomas/kingpin.v2
  version: e9044be3ab2a8e11d4e1f418d12f0790d57e8d70
- name: gopkg.in/asn1-ber.v1
  version: 9eae18c3681ae3d3c677ac2b80a8fe57de45fc09
- name: gopkg.in/ory-am/dockertest.v3
  version: 0eb2fe9391ca8b96bd6bb5ee4cc22aa63291e61a
  subpackages:
  - gopkg.in/ory-am/dockertest.v3
devImports: []
